
Microsoft Visual Studio Solution File, Format Version 12.00
# Visual Studio 15
VisualStudioVersion = 15.0.28307.271
MinimumVisualStudioVersion = 10.0.40219.1
Project("{FAE04EC0-301F-11D3-BF4B-00C04F79EFBC}") = "ITEAHub.Hello", "ITEAHub.Hello\ITEAHub.Hello.csproj", "{C57B2334-5640-4778-B02B-D9F7C34FE93D}"
EndProject
Project("{FAE04EC0-301F-11D3-BF4B-00C04F79EFBC}") = "ITEAHub.Math", "ITEAHub.Math\ITEAHub.Math.csproj", "{8303F4FF-757A-4EE4-8E90-3889CA204346}"
EndProject
Global
	GlobalSection(SolutionConfigurationPlatforms) = preSolution
		Debug|Any CPU = Debug|Any CPU
		Release|Any CPU = Release|Any CPU
	EndGlobalSection
	GlobalSection(ProjectConfigurationPlatforms) = postSolution
		{C57B2334-5640-4778-B02B-D9F7C34FE93D}.Debug|Any CPU.ActiveCfg = Debug|Any CPU
		{C57B2334-5640-4778-B02B-D9F7C34FE93D}.Debug|Any CPU.Build.0 = Debug|Any CPU
		{C57B2334-5640-4778-B02B-D9F7C34FE93D}.Release|Any CPU.ActiveCfg = Release|Any CPU
		{C57B2334-5640-4778-B02B-D9F7C34FE93D}.Release|Any CPU.Build.0 = Release|Any CPU
		{8303F4FF-757A-4EE4-8E90-3889CA204346}.Debug|Any CPU.ActiveCfg = Debug|Any CPU
		{8303F4FF-757A-4EE4-8E90-3889CA204346}.Debug|Any CPU.Build.0 = Debug|Any CPU
		{8303F4FF-757A-4EE4-8E90-3889CA204346}.Release|Any CPU.ActiveCfg = Release|Any CPU
		{8303F4FF-757A-4EE4-8E90-3889CA204346}.Release|Any CPU.Build.0 = Release|Any CPU
	EndGlobalSection
	GlobalSection(SolutionProperties) = preSolution
		HideSolutionNode = FALSE
	EndGlobalSection
	GlobalSection(ExtensibilityGlobals) = postSolution
		SolutionGuid = {E5753391-09DC-4C58-BA11-3D1B0DDE9BB0}
	EndGlobalSection
EndGlobal
